
Microsoft Visual Studio Solution File, Format Version 11.00
# Visual Studio 2010
Project("{8BC9CEB8-8B4A-11D0-8D11-00A0C91BC942}") = "AudioCore", "AudioCore\AudioCore.vcxproj", "{90671A77-EFF1-477E-B411-F9B7DF68339E}"
EndProject
Global
	GlobalSection(SolutionConfigurationPlatforms) = preSolution
		Debug|Win32 = Debug|Win32
		Release|Win32 = Release|Win32
	EndGlobalSection
	GlobalSection(ProjectConfigurationPlatforms) = postSolution
		{90671A77-EFF1-477E-B411-F9B7DF68339E}.Debug|Win32.ActiveCfg = Debug|Win32
		{90671A77-EFF1-477E-B411-F9B7DF68339E}.Debug|Win32.Build.0 = Debug|Win32
		{90671A77-EFF1-477E-B411-F9B7DF68339E}.Release|Win32.ActiveCfg = Release|Win32
		{90671A77-EFF1-477E-B411-F9B7DF68339E}.Release|Win32.Build.0 = Release|Win32
	EndGlobalSection
	GlobalSection(SolutionProperties) = preSolution
		HideSolutionNode = FALSE
	EndGlobalSection
EndGlobal
