
Microsoft Visual Studio Solution File, Format Version 11.00
# Visual Studio 2010
Project("{8BC9CEB8-8B4A-11D0-8D11-00A0C91BC942}") = "AudioCore", "AudioCore\AudioCore.vcxproj", "{E26FA753-9553-450F-B213-AA6F55BF9356}"
EndProject
Global
	GlobalSection(SolutionConfigurationPlatforms) = preSolution
		Debug|Win32 = Debug|Win32
		Release|Win32 = Release|Win32
	EndGlobalSection
	GlobalSection(ProjectConfigurationPlatforms) = postSolution
		{E26FA753-9553-450F-B213-AA6F55BF9356}.Debug|Win32.ActiveCfg = Debug|Win32
		{E26FA753-9553-450F-B213-AA6F55BF9356}.Debug|Win32.Build.0 = Debug|Win32
		{E26FA753-9553-450F-B213-AA6F55BF9356}.Release|Win32.ActiveCfg = Release|Win32
		{E26FA753-9553-450F-B213-AA6F55BF9356}.Release|Win32.Build.0 = Release|Win32
	EndGlobalSection
	GlobalSection(SolutionProperties) = preSolution
		HideSolutionNode = FALSE
	EndGlobalSection
EndGlobal
